// !$*UTF8*$!
{
	archiveVersion = 1;
	classes = {
	};
	objectVersion = 42;
	objects = {

/* Begin PBXBuildFile section */
		3C021C1107E3666A003D0BD0 /* K2LinkBackSupport.m in Sources */ = {isa = PBXBuildFile; fileRef = 3C021C0F07E3666A003D0BD0 /* K2LinkBackSupport.m */; };
		3C19797B0B73DF5D0049975B /* SFDCanvas_LinkBack.m in Sources */ = {isa = PBXBuildFile; fileRef = 3CA2940407E3C0A90041BA0F /* SFDCanvas_LinkBack.m */; };
		3C1979F80B73E1BC0049975B /* SFDSelectionController_LinkBack.m in Sources */ = {isa = PBXBuildFile; fileRef = 3C5BEC2F07FB99A1002AEC43 /* SFDSelectionController_LinkBack.m */; };
		3C197A590B73E2D50049975B /* SFDrawables.framework in Frameworks */ = {isa = PBXBuildFile; fileRef = 3C197A480B73E2D50049975B /* SFDrawables.framework */; };
		3C197A600B73E2D50049975B /* SFRendering.framework in Frameworks */ = {isa = PBXBuildFile; fileRef = 3C197A4F0B73E2D50049975B /* SFRendering.framework */; };
		3C197B1F0B73E5410049975B /* SFArchiving.framework in Frameworks */ = {isa = PBXBuildFile; fileRef = 3C197B1C0B73E5410049975B /* SFArchiving.framework */; };
		3C197B200B73E5410049975B /* SFUtility.framework in Frameworks */ = {isa = PBXBuildFile; fileRef = 3C197B1D0B73E5410049975B /* SFUtility.framework */; };
		3C197B210B73E5410049975B /* SFWordProcessing.framework in Frameworks */ = {isa = PBXBuildFile; fileRef = 3C197B1E0B73E5410049975B /* SFWordProcessing.framework */; };
		3C197B280B73E54C0049975B /* SFAnimation.framework in Frameworks */ = {isa = PBXBuildFile; fileRef = 3C197B260B73E54C0049975B /* SFAnimation.framework */; };
		3C197B290B73E54C0049975B /* SFControls.framework in Frameworks */ = {isa = PBXBuildFile; fileRef = 3C197B270B73E54C0049975B /* SFControls.framework */; };
		3C197B2F0B73E5570049975B /* SFProofReader.framework in Frameworks */ = {isa = PBXBuildFile; fileRef = 3C197B2D0B73E5570049975B /* SFProofReader.framework */; };
		3C197B300B73E5570049975B /* SFStyles.framework in Frameworks */ = {isa = PBXBuildFile; fileRef = 3C197B2E0B73E5570049975B /* SFStyles.framework */; };
		3C197B470B73E5AE0049975B /* SFDDrawableInfo_LinkBack.m in Sources */ = {isa = PBXBuildFile; fileRef = 3C021E0107E38B2C003D0BD0 /* SFDDrawableInfo_LinkBack.m */; };
		3C6861240B754509008571B0 /* KeynoteHeadersReadme.txt in Resources */ = {isa = PBXBuildFile; fileRef = 3C6861230B754509008571B0 /* KeynoteHeadersReadme.txt */; };
		3CFB267B0B750BED0052DCBD /* LinkBack.framework in Frameworks */ = {isa = PBXBuildFile; fileRef = 3CFB267A0B750BED0052DCBD /* LinkBack.framework */; };
		3CFB26970B750CA50052DCBD /* APELite.o in Frameworks */ = {isa = PBXBuildFile; fileRef = 3CFB26950B750CA50052DCBD /* APELite.o */; };
		8D5B49B0048680CD000E48DA /* InfoPlist.strings in Resources */ = {isa = PBXBuildFile; fileRef = 089C167DFE841241C02AAC07 /* InfoPlist.strings */; };
		8D5B49B2048680CD000E48DA /* main.m in Sources */ = {isa = PBXBuildFile; fileRef = 08FB77B6FE84183AC02AAC07 /* main.m */; settings = {ATTRIBUTES = (); }; };
		8D5B49B4048680CD000E48DA /* Cocoa.framework in Frameworks */ = {isa = PBXBuildFile; fileRef = 1058C7ADFEA557BF11CA2CBB /* Cocoa.framework */; };
/* End PBXBuildFile section */

/* Begin PBXCopyFilesBuildPhase section */
		3C9C9F5507E39D8C004BC381 /* CopyFiles */ = {
			isa = PBXCopyFilesBuildPhase;
			buildActionMask = 2147483647;
			dstPath = "";
			dstSubfolderSpec = 10;
			files = (
			);
			runOnlyForDeploymentPostprocessing = 0;
		};
/* End PBXCopyFilesBuildPhase section */

/* Begin PBXFileReference section */
		089C1672FE841209C02AAC07 /* Foundation.framework */ = {isa = PBXFileReference; lastKnownFileType = wrapper.framework; name = Foundation.framework; path = /System/Library/Frameworks/Foundation.framework; sourceTree = "<absolute>"; };
		089C167EFE841241C02AAC07 /* English */ = {isa = PBXFileReference; fileEncoding = 10; lastKnownFileType = text.plist.strings; name = English; path = English.lproj/InfoPlist.strings; sourceTree = "<group>"; };
		089C167FFE841241C02AAC07 /* AppKit.framework */ = {isa = PBXFileReference; lastKnownFileType = wrapper.framework; name = AppKit.framework; path = /System/Library/Frameworks/AppKit.framework; sourceTree = "<absolute>"; };
		08FB77B6FE84183AC02AAC07 /* main.m */ = {isa = PBXFileReference; fileEncoding = 4; lastKnownFileType = sourcecode.c.objc; path = main.m; sourceTree = "<group>"; };
		1058C7ADFEA557BF11CA2CBB /* Cocoa.framework */ = {isa = PBXFileReference; lastKnownFileType = wrapper.framework; name = Cocoa.framework; path = /System/Library/Frameworks/Cocoa.framework; sourceTree = "<absolute>"; };
		32DBCF630370AF2F00C91783 /* K2LinkBackSupport_Prefix.pch */ = {isa = PBXFileReference; fileEncoding = 4; lastKnownFileType = sourcecode.c.h; path = K2LinkBackSupport_Prefix.pch; sourceTree = "<group>"; };
		3C021C0E07E3666A003D0BD0 /* K2LinkBackSupport.h */ = {isa = PBXFileReference; fileEncoding = 4; lastKnownFileType = sourcecode.c.h; path = K2LinkBackSupport.h; sourceTree = "<group>"; };
		3C021C0F07E3666A003D0BD0 /* K2LinkBackSupport.m */ = {isa = PBXFileReference; fileEncoding = 4; lastKnownFileType = sourcecode.c.objc; path = K2LinkBackSupport.m; sourceTree = "<group>"; };
		3C021E0007E38B2C003D0BD0 /* SFDDrawableInfo_LinkBack.h */ = {isa = PBXFileReference; fileEncoding = 4; lastKnownFileType = sourcecode.c.h; path = SFDDrawableInfo_LinkBack.h; sourceTree = "<group>"; };
		3C021E0107E38B2C003D0BD0 /* SFDDrawableInfo_LinkBack.m */ = {isa = PBXFileReference; fileEncoding = 4; lastKnownFileType = sourcecode.c.objc; path = SFDDrawableInfo_LinkBack.m; sourceTree = "<group>"; };
		3C1979BE0B73E0BE0049975B /* SFRSubviewAbsolverView.h */ = {isa = PBXFileReference; fileEncoding = 30; lastKnownFileType = sourcecode.c.h; path = SFRSubviewAbsolverView.h; sourceTree = "<group>"; };
		3C1979BF0B73E0BE0049975B /* SFRCanvas.h */ = {isa = PBXFileReference; fileEncoding = 30; lastKnownFileType = sourcecode.c.h; path = SFRCanvas.h; sourceTree = "<group>"; };
		3C1979C20B73E0C10049975B /* SFDCanvas.h */ = {isa = PBXFileReference; fileEncoding = 30; lastKnownFileType = sourcecode.c.h; path = SFDCanvas.h; sourceTree = "<group>"; };
		3C1979D60B73E0EB0049975B /* SFDDrawableInfo.h */ = {isa = PBXFileReference; fileEncoding = 30; lastKnownFileType = sourcecode.c.h; path = SFDDrawableInfo.h; sourceTree = "<group>"; };
		3C1979E70B73E1160049975B /* SFDSelectionController.h */ = {isa = PBXFileReference; fileEncoding = 30; lastKnownFileType = sourcecode.c.h; path = SFDSelectionController.h; sourceTree = "<group>"; };
		3C197A480B73E2D50049975B /* SFDrawables.framework */ = {isa = PBXFileReference; lastKnownFileType = wrapper.framework; name = SFDrawables.framework; path = Frameworks/SFDrawables.framework; sourceTree = "<group>"; };
		3C197A4F0B73E2D50049975B /* SFRendering.framework */ = {isa = PBXFileReference; lastKnownFileType = wrapper.framework; name = SFRendering.framework; path = Frameworks/SFRendering.framework; sourceTree = "<group>"; };
		3C197B1C0B73E5410049975B /* SFArchiving.framework */ = {isa = PBXFileReference; lastKnownFileType = wrapper.framework; name = SFArchiving.framework; path = Frameworks/SFArchiving.framework; sourceTree = "<group>"; };
		3C197B1D0B73E5410049975B /* SFUtility.framework */ = {isa = PBXFileReference; lastKnownFileType = wrapper.framework; name = SFUtility.framework; path = Frameworks/SFUtility.framework; sourceTree = "<group>"; };
		3C197B1E0B73E5410049975B /* SFWordProcessing.framework */ = {isa = PBXFileReference; lastKnownFileType = wrapper.framework; name = SFWordProcessing.framework; path = Frameworks/SFWordProcessing.framework; sourceTree = "<group>"; };
		3C197B260B73E54C0049975B /* SFAnimation.framework */ = {isa = PBXFileReference; lastKnownFileType = wrapper.framework; name = SFAnimation.framework; path = Frameworks/SFAnimation.framework; sourceTree = "<group>"; };
		3C197B270B73E54C0049975B /* SFControls.framework */ = {isa = PBXFileReference; lastKnownFileType = wrapper.framework; name = SFControls.framework; path = Frameworks/SFControls.framework; sourceTree = "<group>"; };
		3C197B2D0B73E5570049975B /* SFProofReader.framework */ = {isa = PBXFileReference; lastKnownFileType = wrapper.framework; name = SFProofReader.framework; path = Frameworks/SFProofReader.framework; sourceTree = "<group>"; };
		3C197B2E0B73E5570049975B /* SFStyles.framework */ = {isa = PBXFileReference; lastKnownFileType = wrapper.framework; name = SFStyles.framework; path = Frameworks/SFStyles.framework; sourceTree = "<group>"; };
		3C5BEC2E07FB99A1002AEC43 /* SFDSelectionController_LinkBack.h */ = {isa = PBXFileReference; fileEncoding = 4; lastKnownFileType = sourcecode.c.h; path = SFDSelectionController_LinkBack.h; sourceTree = "<group>"; };
		3C5BEC2F07FB99A1002AEC43 /* SFDSelectionController_LinkBack.m */ = {isa = PBXFileReference; fileEncoding = 4; lastKnownFileType = sourcecode.c.objc; path = SFDSelectionController_LinkBack.m; sourceTree = "<group>"; };
		3C6861230B754509008571B0 /* KeynoteHeadersReadme.txt */ = {isa = PBXFileReference; fileEncoding = 4; lastKnownFileType = text; name = KeynoteHeadersReadme.txt; path = "Keynote 4 Headers/KeynoteHeadersReadme.txt"; sourceTree = "<group>"; };
		3CA2940307E3C0A90041BA0F /* SFDCanvas_LinkBack.h */ = {isa = PBXFileReference; fileEncoding = 4; lastKnownFileType = sourcecode.c.h; path = SFDCanvas_LinkBack.h; sourceTree = "<group>"; };
		3CA2940407E3C0A90041BA0F /* SFDCanvas_LinkBack.m */ = {isa = PBXFileReference; fileEncoding = 4; lastKnownFileType = sourcecode.c.objc; path = SFDCanvas_LinkBack.m; sourceTree = "<group>"; };
		3CFB267A0B750BED0052DCBD /* LinkBack.framework */ = {isa = PBXFileReference; lastKnownFileType = wrapper.framework; path = LinkBack.framework; sourceTree = "<group>"; };
		3CFB26940B750CA50052DCBD /* APELite.h */ = {isa = PBXFileReference; fileEncoding = 4; lastKnownFileType = sourcecode.c.h; name = APELite.h; path = "APE Lite/APELite.h"; sourceTree = "<group>"; };
		3CFB26950B750CA50052DCBD /* APELite.o */ = {isa = PBXFileReference; lastKnownFileType = "compiled.mach-o.objfile"; name = APELite.o; path = "APE Lite/APELite.o"; sourceTree = "<group>"; };
		3CFB28250B75329F0052DCBD /* SFDAffineGeometry.h */ = {isa = PBXFileReference; fileEncoding = 4; lastKnownFileType = sourcecode.c.h; path = SFDAffineGeometry.h; sourceTree = "<group>"; };
		8D5B49B6048680CD000E48DA /* K2LinkBackSupport.sfxplugin */ = {isa = PBXFileReference; explicitFileType = wrapper.cfbundle; includeInIndex = 0; path = K2LinkBackSupport.sfxplugin; sourceTree = BUILT_PRODUCTS_DIR; };
		8D5B49B7048680CD000E48DA /* Info.plist */ = {isa = PBXFileReference; fileEncoding = 4; lastKnownFileType = text.xml; path = Info.plist; sourceTree = "<group>"; };
/* End PBXFileReference section */

/* Begin PBXFrameworksBuildPhase section */
		8D5B49B3048680CD000E48DA /* Frameworks */ = {
			isa = PBXFrameworksBuildPhase;
			buildActionMask = 2147483647;
			files = (
				8D5B49B4048680CD000E48DA /* Cocoa.framework in Frameworks */,
				3C197A590B73E2D50049975B /* SFDrawables.framework in Frameworks */,
				3C197A600B73E2D50049975B /* SFRendering.framework in Frameworks */,
				3C197B1F0B73E5410049975B /* SFArchiving.framework in Frameworks */,
				3C197B200B73E5410049975B /* SFUtility.framework in Frameworks */,
				3C197B210B73E5410049975B /* SFWordProcessing.framework in Frameworks */,
				3C197B280B73E54C0049975B /* SFAnimation.framework in Frameworks */,
				3C197B290B73E54C0049975B /* SFControls.framework in Frameworks */,
				3C197B2F0B73E5570049975B /* SFProofReader.framework in Frameworks */,
				3C197B300B73E5570049975B /* SFStyles.framework in Frameworks */,
				3CFB267B0B750BED0052DCBD /* LinkBack.framework in Frameworks */,
				3CFB26970B750CA50052DCBD /* APELite.o in Frameworks */,
			);
			runOnlyForDeploymentPostprocessing = 0;
		};
/* End PBXFrameworksBuildPhase section */

/* Begin PBXGroup section */
		089C166AFE841209C02AAC07 /* K2LinkBackSupport */ = {
			isa = PBXGroup;
			children = (
				08FB77AFFE84173DC02AAC07 /* Classes */,
				3C19798A0B73DF760049975B /* Keynote 4 Headers */,
				32C88E010371C26100C91783 /* Other Sources */,
				089C167CFE841241C02AAC07 /* Resources */,
				089C1671FE841209C02AAC07 /* Frameworks and Libraries */,
				19C28FB8FE9D52D311CA2CBB /* Products */,
			);
			name = K2LinkBackSupport;
			sourceTree = "<group>";
		};
		089C1671FE841209C02AAC07 /* Frameworks and Libraries */ = {
			isa = PBXGroup;
			children = (
				1058C7ACFEA557BF11CA2CBB /* Linked Frameworks */,
				3C197A380B73E2920049975B /* Keynote 3 */,
				1058C7AEFEA557BF11CA2CBB /* Other Frameworks */,
			);
			name = "Frameworks and Libraries";
			sourceTree = "<group>";
		};
		089C167CFE841241C02AAC07 /* Resources */ = {
			isa = PBXGroup;
			children = (
				8D5B49B7048680CD000E48DA /* Info.plist */,
				089C167DFE841241C02AAC07 /* InfoPlist.strings */,
			);
			name = Resources;
			sourceTree = "<group>";
		};
		08FB77AFFE84173DC02AAC07 /* Classes */ = {
			isa = PBXGroup;
			children = (
				3C021C0E07E3666A003D0BD0 /* K2LinkBackSupport.h */,
				3C021C0F07E3666A003D0BD0 /* K2LinkBackSupport.m */,
				3C021E0007E38B2C003D0BD0 /* SFDDrawableInfo_LinkBack.h */,
				3C021E0107E38B2C003D0BD0 /* SFDDrawableInfo_LinkBack.m */,
				3CA2940307E3C0A90041BA0F /* SFDCanvas_LinkBack.h */,
				3CA2940407E3C0A90041BA0F /* SFDCanvas_LinkBack.m */,
				3C5BEC2E07FB99A1002AEC43 /* SFDSelectionController_LinkBack.h */,
				3C5BEC2F07FB99A1002AEC43 /* SFDSelectionController_LinkBack.m */,
			);
			name = Classes;
			sourceTree = "<group>";
		};
		1058C7ACFEA557BF11CA2CBB /* Linked Frameworks */ = {
			isa = PBXGroup;
			children = (
				3CFB267A0B750BED0052DCBD /* LinkBack.framework */,
				1058C7ADFEA557BF11CA2CBB /* Cocoa.framework */,
			);
			name = "Linked Frameworks";
			sourceTree = "<group>";
		};
		1058C7AEFEA557BF11CA2CBB /* Other Frameworks */ = {
			isa = PBXGroup;
			children = (
				089C1672FE841209C02AAC07 /* Foundation.framework */,
				089C167FFE841241C02AAC07 /* AppKit.framework */,
			);
			name = "Other Frameworks";
			sourceTree = "<group>";
		};
		19C28FB8FE9D52D311CA2CBB /* Products */ = {
			isa = PBXGroup;
			children = (
				8D5B49B6048680CD000E48DA /* K2LinkBackSupport.sfxplugin */,
			);
			name = Products;
			sourceTree = "<group>";
		};
		32C88E010371C26100C91783 /* Other Sources */ = {
			isa = PBXGroup;
			children = (
				3CFB268C0B750C950052DCBD /* APE Lite */,
				32DBCF630370AF2F00C91783 /* K2LinkBackSupport_Prefix.pch */,
				08FB77B6FE84183AC02AAC07 /* main.m */,
			);
			name = "Other Sources";
			sourceTree = "<group>";
		};
		3C19798A0B73DF760049975B /* Keynote 4 Headers */ = {
			isa = PBXGroup;
			children = (
				3C6861230B754509008571B0 /* KeynoteHeadersReadme.txt */,
				3C1979A00B73DFA60049975B /* SFDrawables */,
				3C1979A30B73DFA90049975B /* SFRendering */,
			);
			name = "Keynote 4 Headers";
			sourceTree = "<group>";
		};
		3C1979A00B73DFA60049975B /* SFDrawables */ = {
			isa = PBXGroup;
			children = (
				3CFB28250B75329F0052DCBD /* SFDAffineGeometry.h */,
				3C1979C20B73E0C10049975B /* SFDCanvas.h */,
				3C1979D60B73E0EB0049975B /* SFDDrawableInfo.h */,
				3C1979E70B73E1160049975B /* SFDSelectionController.h */,
			);
			name = SFDrawables;
			path = "Keynote 4 Headers";
			sourceTree = "<group>";
		};
		3C1979A30B73DFA90049975B /* SFRendering */ = {
			isa = PBXGroup;
			children = (
				3C1979BF0B73E0BE0049975B /* SFRCanvas.h */,
				3C1979BE0B73E0BE0049975B /* SFRSubviewAbsolverView.h */,
			);
			name = SFRendering;
			path = "Keynote 4 Headers";
			sourceTree = "<group>";
		};
		3C197A380B73E2920049975B /* Keynote 3 */ = {
			isa = PBXGroup;
			children = (
				3C197B2D0B73E5570049975B /* SFProofReader.framework */,
				3C197B2E0B73E5570049975B /* SFStyles.framework */,
				3C197B260B73E54C0049975B /* SFAnimation.framework */,
				3C197B270B73E54C0049975B /* SFControls.framework */,
				3C197B1C0B73E5410049975B /* SFArchiving.framework */,
				3C197B1D0B73E5410049975B /* SFUtility.framework */,
				3C197B1E0B73E5410049975B /* SFWordProcessing.framework */,
				3C197A480B73E2D50049975B /* SFDrawables.framework */,
				3C197A4F0B73E2D50049975B /* SFRendering.framework */,
			);
			name = "Keynote 3";
			sourceTree = "<group>";
		};
		3CFB268C0B750C950052DCBD /* APE Lite */ = {
			isa = PBXGroup;
			children = (
				3CFB26940B750CA50052DCBD /* APELite.h */,
				3CFB26950B750CA50052DCBD /* APELite.o */,
			);
			name = "APE Lite";
			sourceTree = "<group>";
		};
/* End PBXGroup section */

/* Begin PBXNativeTarget section */
		8D5B49AC048680CD000E48DA /* K2LinkBackSupport */ = {
			isa = PBXNativeTarget;
			buildConfigurationList = 3C1978D70B73D5460049975B /* Build configuration list for PBXNativeTarget "K2LinkBackSupport" */;
			buildPhases = (
				8D5B49AF048680CD000E48DA /* Resources */,
				8D5B49B1048680CD000E48DA /* Sources */,
				8D5B49B3048680CD000E48DA /* Frameworks */,
				3C9C9F5507E39D8C004BC381 /* CopyFiles */,
			);
			buildRules = (
			);
			dependencies = (
			);
			name = K2LinkBackSupport;
			productInstallPath = "$(HOME)/Library/Bundles";
			productName = K2LinkBackSupport;
			productReference = 8D5B49B6048680CD000E48DA /* K2LinkBackSupport.sfxplugin */;
			productType = "com.apple.product-type.bundle";
		};
/* End PBXNativeTarget section */

/* Begin PBXProject section */
		089C1669FE841209C02AAC07 /* Project object */ = {
			isa = PBXProject;
			buildConfigurationList = 3C1978DB0B73D5460049975B /* Build configuration list for PBXProject "K2LinkBackSupport" */;
			hasScannedForEncodings = 1;
			mainGroup = 089C166AFE841209C02AAC07 /* K2LinkBackSupport */;
			projectDirPath = "";
			targets = (
				8D5B49AC048680CD000E48DA /* K2LinkBackSupport */,
			);
		};
/* End PBXProject section */

/* Begin PBXResourcesBuildPhase section */
		8D5B49AF048680CD000E48DA /* Resources */ = {
			isa = PBXResourcesBuildPhase;
			buildActionMask = 2147483647;
			files = (
				8D5B49B0048680CD000E48DA /* InfoPlist.strings in Resources */,
				3C6861240B754509008571B0 /* KeynoteHeadersReadme.txt in Resources */,
			);
			runOnlyForDeploymentPostprocessing = 0;
		};
/* End PBXResourcesBuildPhase section */

/* Begin PBXSourcesBuildPhase section */
		8D5B49B1048680CD000E48DA /* Sources */ = {
			isa = PBXSourcesBuildPhase;
			buildActionMask = 2147483647;
			files = (
				8D5B49B2048680CD000E48DA /* main.m in Sources */,
				3C021C1107E3666A003D0BD0 /* K2LinkBackSupport.m in Sources */,
				3C19797B0B73DF5D0049975B /* SFDCanvas_LinkBack.m in Sources */,
				3C1979F80B73E1BC0049975B /* SFDSelectionController_LinkBack.m in Sources */,
				3C197B470B73E5AE0049975B /* SFDDrawableInfo_LinkBack.m in Sources */,
			);
			runOnlyForDeploymentPostprocessing = 0;
		};
/* End PBXSourcesBuildPhase section */

/* Begin PBXVariantGroup section */
		089C167DFE841241C02AAC07 /* InfoPlist.strings */ = {
			isa = PBXVariantGroup;
			children = (
				089C167EFE841241C02AAC07 /* English */,
			);
			name = InfoPlist.strings;
			sourceTree = "<group>";
		};
/* End PBXVariantGroup section */

/* Begin XCBuildConfiguration section */
		3C1978D80B73D5460049975B /* Development */ = {
			isa = XCBuildConfiguration;
			buildSettings = {
				COPY_PHASE_STRIP = NO;
				FRAMEWORK_SEARCH_PATHS = (
					/Users/king/build,
					"$(FRAMEWORK_SEARCH_PATHS_QUOTED_1)",
					"$(FRAMEWORK_SEARCH_PATHS_QUOTED_2)",
				);
				FRAMEWORK_SEARCH_PATHS_QUOTED_1 = "\"$(SRCROOT)/Frameworks\"";
				FRAMEWORK_SEARCH_PATHS_QUOTED_2 = "\"$(SRCROOT)\"";
				GCC_DYNAMIC_NO_PIC = NO;
				GCC_ENABLE_FIX_AND_CONTINUE = YES;
				GCC_GENERATE_DEBUGGING_SYMBOLS = YES;
				GCC_OPTIMIZATION_LEVEL = 0;
				GCC_PRECOMPILE_PREFIX_HEADER = YES;
				GCC_PREFIX_HEADER = K2LinkBackSupport_Prefix.pch;
				INFOPLIST_FILE = Info.plist;
				INSTALL_PATH = "$(HOME)/Library/Bundles";
				PRODUCT_NAME = K2LinkBackSupport;
				WRAPPER_EXTENSION = sfxplugin;
				ZERO_LINK = YES;
			};
			name = Development;
		};
		3C1978D90B73D5460049975B /* Deployment */ = {
			isa = XCBuildConfiguration;
			buildSettings = {
				COPY_PHASE_STRIP = YES;
				FRAMEWORK_SEARCH_PATHS = (
					/Users/king/build,
					"$(FRAMEWORK_SEARCH_PATHS_QUOTED_1)",
					"$(FRAMEWORK_SEARCH_PATHS_QUOTED_2)",
				);
				FRAMEWORK_SEARCH_PATHS_QUOTED_1 = "\"$(SRCROOT)/Frameworks\"";
				FRAMEWORK_SEARCH_PATHS_QUOTED_2 = "\"$(SRCROOT)\"";
				GCC_ENABLE_FIX_AND_CONTINUE = NO;
				GCC_GENERATE_DEBUGGING_SYMBOLS = NO;
				GCC_PRECOMPILE_PREFIX_HEADER = YES;
				GCC_PREFIX_HEADER = K2LinkBackSupport_Prefix.pch;
				INFOPLIST_FILE = Info.plist;
				INSTALL_PATH = "$(HOME)/Library/Bundles";
				PRODUCT_NAME = K2LinkBackSupport;
				WRAPPER_EXTENSION = sfxplugin;
				ZERO_LINK = NO;
			};
			name = Deployment;
		};
		3C1978DA0B73D5460049975B /* Default */ = {
			isa = XCBuildConfiguration;
			buildSettings = {
				FRAMEWORK_SEARCH_PATHS = (
					/Users/king/build,
					"$(FRAMEWORK_SEARCH_PATHS_QUOTED_1)",
					"$(FRAMEWORK_SEARCH_PATHS_QUOTED_2)",
				);
				FRAMEWORK_SEARCH_PATHS_QUOTED_1 = "\"$(SRCROOT)/Frameworks\"";
				FRAMEWORK_SEARCH_PATHS_QUOTED_2 = "\"$(SRCROOT)\"";
				GCC_GENERATE_DEBUGGING_SYMBOLS = NO;
				GCC_PRECOMPILE_PREFIX_HEADER = YES;
				GCC_PREFIX_HEADER = K2LinkBackSupport_Prefix.pch;
				INFOPLIST_FILE = Info.plist;
				INSTALL_PATH = "$(HOME)/Library/Bundles";
				PRODUCT_NAME = K2LinkBackSupport;
				WRAPPER_EXTENSION = sfxplugin;
			};
			name = Default;
		};
		3C1978DC0B73D5460049975B /* Development */ = {
			isa = XCBuildConfiguration;
			buildSettings = {
				ARCHS = (
					ppc,
					i386,
				);
				HEADER_SEARCH_PATHS = /usr/include/libxml2/;
				SDKROOT = /Developer/SDKs/MacOSX10.4u.sdk;
			};
			name = Development;
		};
		3C1978DD0B73D5460049975B /* Deployment */ = {
			isa = XCBuildConfiguration;
			buildSettings = {
				ARCHS = (
					ppc,
					i386,
				);
				HEADER_SEARCH_PATHS = /usr/include/libxml2/;
				SDKROOT = /Developer/SDKs/MacOSX10.4u.sdk;
			};
			name = Deployment;
		};
		3C1978DE0B73D5460049975B /* Default */ = {
			isa = XCBuildConfiguration;
			buildSettings = {
				ARCHS = (
					ppc,
					i386,
				);
				HEADER_SEARCH_PATHS = /usr/include/libxml2/;
				SDKROOT = /Developer/SDKs/MacOSX10.4u.sdk;
			};
			name = Default;
		};
/* End XCBuildConfiguration section */

/* Begin XCConfigurationList section */
		3C1978D70B73D5460049975B /* Build configuration list for PBXNativeTarget "K2LinkBackSupport" */ = {
			isa = XCConfigurationList;
			buildConfigurations = (
				3C1978D80B73D5460049975B /* Development */,
				3C1978D90B73D5460049975B /* Deployment */,
				3C1978DA0B73D5460049975B /* Default */,
			);
			defaultConfigurationIsVisible = 0;
			defaultConfigurationName = Default;
		};
		3C1978DB0B73D5460049975B /* Build configuration list for PBXProject "K2LinkBackSupport" */ = {
			isa = XCConfigurationList;
			buildConfigurations = (
				3C1978DC0B73D5460049975B /* Development */,
				3C1978DD0B73D5460049975B /* Deployment */,
				3C1978DE0B73D5460049975B /* Default */,
			);
			defaultConfigurationIsVisible = 0;
			defaultConfigurationName = Default;
		};
/* End XCConfigurationList section */
	};
	rootObject = 089C1669FE841209C02AAC07 /* Project object */;
}
